
Microsoft Visual Studio Solution File, Format Version 12.00
# Visual Studio Version 17
VisualStudioVersion = 17.5.33414.496
MinimumVisualStudioVersion = 10.0.40219.1
Project("{FAE04EC0-301F-11D3-BF4B-00C04F79EFBC}") = "Work_7_2", "Work_7_2\Work_7_2.csproj", "{A8F3543C-B262-46A0-BADE-D9A7A0320414}"
EndProject
Global
	GlobalSection(SolutionConfigurationPlatforms) = preSolution
		Debug|Any CPU = Debug|Any CPU
		Release|Any CPU = Release|Any CPU
	EndGlobalSection
	GlobalSection(ProjectConfigurationPlatforms) = postSolution
		{A8F3543C-B262-46A0-BADE-D9A7A0320414}.Debug|Any CPU.ActiveCfg = Debug|Any CPU
		{A8F3543C-B262-46A0-BADE-D9A7A0320414}.Debug|Any CPU.Build.0 = Debug|Any CPU
		{A8F3543C-B262-46A0-BADE-D9A7A0320414}.Release|Any CPU.ActiveCfg = Release|Any CPU
		{A8F3543C-B262-46A0-BADE-D9A7A0320414}.Release|Any CPU.Build.0 = Release|Any CPU
	EndGlobalSection
	GlobalSection(SolutionProperties) = preSolution
		HideSolutionNode = FALSE
	EndGlobalSection
	GlobalSection(ExtensibilityGlobals) = postSolution
		SolutionGuid = {4AE9FDE3-85B6-40EB-ADC8-64B83D2889C7}
	EndGlobalSection
EndGlobal
