
Microsoft Visual Studio Solution File, Format Version 12.00
# Visual Studio Version 17
VisualStudioVersion = 17.4.33110.190
MinimumVisualStudioVersion = 10.0.40219.1
Project("{FAE04EC0-301F-11D3-BF4B-00C04F79EFBC}") = "task_1", "task_1\task_1.csproj", "{77E54718-3770-4626-BCF9-CC17CDDFD6D4}"
EndProject
Project("{FAE04EC0-301F-11D3-BF4B-00C04F79EFBC}") = "task_2", "task_2\task_2.csproj", "{169394A3-3C00-4B80-AECF-016A961931B1}"
EndProject
Project("{FAE04EC0-301F-11D3-BF4B-00C04F79EFBC}") = "task_3", "task_3\task_3.csproj", "{71F735D3-354B-4DB2-B865-9185AA0390E3}"
EndProject
Global
	GlobalSection(SolutionConfigurationPlatforms) = preSolution
		Debug|Any CPU = Debug|Any CPU
		Release|Any CPU = Release|Any CPU
	EndGlobalSection
	GlobalSection(ProjectConfigurationPlatforms) = postSolution
		{77E54718-3770-4626-BCF9-CC17CDDFD6D4}.Debug|Any CPU.ActiveCfg = Debug|Any CPU
		{77E54718-3770-4626-BCF9-CC17CDDFD6D4}.Debug|Any CPU.Build.0 = Debug|Any CPU
		{77E54718-3770-4626-BCF9-CC17CDDFD6D4}.Release|Any CPU.ActiveCfg = Release|Any CPU
		{77E54718-3770-4626-BCF9-CC17CDDFD6D4}.Release|Any CPU.Build.0 = Release|Any CPU
		{169394A3-3C00-4B80-AECF-016A961931B1}.Debug|Any CPU.ActiveCfg = Debug|Any CPU
		{169394A3-3C00-4B80-AECF-016A961931B1}.Debug|Any CPU.Build.0 = Debug|Any CPU
		{169394A3-3C00-4B80-AECF-016A961931B1}.Release|Any CPU.ActiveCfg = Release|Any CPU
		{169394A3-3C00-4B80-AECF-016A961931B1}.Release|Any CPU.Build.0 = Release|Any CPU
		{71F735D3-354B-4DB2-B865-9185AA0390E3}.Debug|Any CPU.ActiveCfg = Debug|Any CPU
		{71F735D3-354B-4DB2-B865-9185AA0390E3}.Debug|Any CPU.Build.0 = Debug|Any CPU
		{71F735D3-354B-4DB2-B865-9185AA0390E3}.Release|Any CPU.ActiveCfg = Release|Any CPU
		{71F735D3-354B-4DB2-B865-9185AA0390E3}.Release|Any CPU.Build.0 = Release|Any CPU
	EndGlobalSection
	GlobalSection(SolutionProperties) = preSolution
		HideSolutionNode = FALSE
	EndGlobalSection
	GlobalSection(ExtensibilityGlobals) = postSolution
		SolutionGuid = {80EB5D33-0444-4E1E-8EE9-AB1253FA9706}
	EndGlobalSection
EndGlobal
